
Microsoft Visual Studio Solution File, Format Version 12.00
# Visual Studio 14
VisualStudioVersion = 14.0.24720.0
MinimumVisualStudioVersion = 10.0.40219.1
Project("{2150E333-8FDC-42A3-9474-1A3956D46DE8}") = "Encapsulation", "Encapsulation", "{2B16E4BF-A6E2-4125-A15D-B452F2E330BC}"
EndProject
Project("{FAE04EC0-301F-11D3-BF4B-00C04F79EFBC}") = "Encapsulation", "Encapsulation\Encapsulation\Encapsulation.csproj", "{F7B33964-0F87-49F2-AD8D-65B481901F32}"
EndProject
Project("{FAE04EC0-301F-11D3-BF4B-00C04F79EFBC}") = "EncapsulationTests", "Encapsulation\EncapsulationTests\EncapsulationTests.csproj", "{7AF29A64-C985-4B28-BF56-7C085DA8B76F}"
EndProject
Project("{2150E333-8FDC-42A3-9474-1A3956D46DE8}") = "Polymorphism", "Polymorphism", "{8A41E574-1A31-4174-8A5B-106B76B49A08}"
EndProject
Project("{FAE04EC0-301F-11D3-BF4B-00C04F79EFBC}") = "PolymorphismTests", "Polymorphism\PolymorphismTests\PolymorphismTests.csproj", "{01CB57E6-C5F9-4BC6-996E-1AB49E9AFDA0}"
EndProject
Project("{FAE04EC0-301F-11D3-BF4B-00C04F79EFBC}") = "Polymorphism", "Polymorphism\Polymorphism\Polymorphism.csproj", "{3DC89606-9905-4A82-978D-AD53AAF2E373}"
EndProject
Global
	GlobalSection(SolutionConfigurationPlatforms) = preSolution
		Debug|Any CPU = Debug|Any CPU
		Release|Any CPU = Release|Any CPU
	EndGlobalSection
	GlobalSection(ProjectConfigurationPlatforms) = postSolution
		{F7B33964-0F87-49F2-AD8D-65B481901F32}.Debug|Any CPU.ActiveCfg = Debug|Any CPU
		{F7B33964-0F87-49F2-AD8D-65B481901F32}.Debug|Any CPU.Build.0 = Debug|Any CPU
		{F7B33964-0F87-49F2-AD8D-65B481901F32}.Release|Any CPU.ActiveCfg = Release|Any CPU
		{F7B33964-0F87-49F2-AD8D-65B481901F32}.Release|Any CPU.Build.0 = Release|Any CPU
		{7AF29A64-C985-4B28-BF56-7C085DA8B76F}.Debug|Any CPU.ActiveCfg = Debug|Any CPU
		{7AF29A64-C985-4B28-BF56-7C085DA8B76F}.Debug|Any CPU.Build.0 = Debug|Any CPU
		{7AF29A64-C985-4B28-BF56-7C085DA8B76F}.Release|Any CPU.ActiveCfg = Release|Any CPU
		{7AF29A64-C985-4B28-BF56-7C085DA8B76F}.Release|Any CPU.Build.0 = Release|Any CPU
		{01CB57E6-C5F9-4BC6-996E-1AB49E9AFDA0}.Debug|Any CPU.ActiveCfg = Debug|Any CPU
		{01CB57E6-C5F9-4BC6-996E-1AB49E9AFDA0}.Debug|Any CPU.Build.0 = Debug|Any CPU
		{01CB57E6-C5F9-4BC6-996E-1AB49E9AFDA0}.Release|Any CPU.ActiveCfg = Release|Any CPU
		{01CB57E6-C5F9-4BC6-996E-1AB49E9AFDA0}.Release|Any CPU.Build.0 = Release|Any CPU
		{3DC89606-9905-4A82-978D-AD53AAF2E373}.Debug|Any CPU.ActiveCfg = Debug|Any CPU
		{3DC89606-9905-4A82-978D-AD53AAF2E373}.Debug|Any CPU.Build.0 = Debug|Any CPU
		{3DC89606-9905-4A82-978D-AD53AAF2E373}.Release|Any CPU.ActiveCfg = Release|Any CPU
		{3DC89606-9905-4A82-978D-AD53AAF2E373}.Release|Any CPU.Build.0 = Release|Any CPU
	EndGlobalSection
	GlobalSection(SolutionProperties) = preSolution
		HideSolutionNode = FALSE
	EndGlobalSection
	GlobalSection(NestedProjects) = preSolution
		{F7B33964-0F87-49F2-AD8D-65B481901F32} = {2B16E4BF-A6E2-4125-A15D-B452F2E330BC}
		{7AF29A64-C985-4B28-BF56-7C085DA8B76F} = {2B16E4BF-A6E2-4125-A15D-B452F2E330BC}
		{01CB57E6-C5F9-4BC6-996E-1AB49E9AFDA0} = {8A41E574-1A31-4174-8A5B-106B76B49A08}
		{3DC89606-9905-4A82-978D-AD53AAF2E373} = {8A41E574-1A31-4174-8A5B-106B76B49A08}
	EndGlobalSection
EndGlobal
