
Microsoft Visual Studio Solution File, Format Version 12.00
# Visual Studio 14
VisualStudioVersion = 14.0.24720.0
MinimumVisualStudioVersion = 10.0.40219.1
Project("{FAE04EC0-301F-11D3-BF4B-00C04F79EFBC}") = "ChallengesTests", "ChallengesTests\ChallengesTests.csproj", "{5AD80C55-7E43-4B4F-ACE8-D3459C39D58E}"
EndProject
Project("{FAE04EC0-301F-11D3-BF4B-00C04F79EFBC}") = "Encapsulation", "Encapsulation\Encapsulation.csproj", "{F7B33964-0F87-49F2-AD8D-65B481901F32}"
EndProject
Project("{FAE04EC0-301F-11D3-BF4B-00C04F79EFBC}") = "Polymorphism", "Polymorphism\Polymorphism.csproj", "{3DC89606-9905-4A82-978D-AD53AAF2E373}"
EndProject
Global
	GlobalSection(SolutionConfigurationPlatforms) = preSolution
		Debug|Any CPU = Debug|Any CPU
		Release|Any CPU = Release|Any CPU
	EndGlobalSection
	GlobalSection(ProjectConfigurationPlatforms) = postSolution
		{5AD80C55-7E43-4B4F-ACE8-D3459C39D58E}.Debug|Any CPU.ActiveCfg = Debug|Any CPU
		{5AD80C55-7E43-4B4F-ACE8-D3459C39D58E}.Debug|Any CPU.Build.0 = Debug|Any CPU
		{5AD80C55-7E43-4B4F-ACE8-D3459C39D58E}.Release|Any CPU.ActiveCfg = Release|Any CPU
		{5AD80C55-7E43-4B4F-ACE8-D3459C39D58E}.Release|Any CPU.Build.0 = Release|Any CPU
		{F7B33964-0F87-49F2-AD8D-65B481901F32}.Debug|Any CPU.ActiveCfg = Debug|Any CPU
		{F7B33964-0F87-49F2-AD8D-65B481901F32}.Debug|Any CPU.Build.0 = Debug|Any CPU
		{F7B33964-0F87-49F2-AD8D-65B481901F32}.Release|Any CPU.ActiveCfg = Release|Any CPU
		{F7B33964-0F87-49F2-AD8D-65B481901F32}.Release|Any CPU.Build.0 = Release|Any CPU
		{3DC89606-9905-4A82-978D-AD53AAF2E373}.Debug|Any CPU.ActiveCfg = Debug|Any CPU
		{3DC89606-9905-4A82-978D-AD53AAF2E373}.Debug|Any CPU.Build.0 = Debug|Any CPU
		{3DC89606-9905-4A82-978D-AD53AAF2E373}.Release|Any CPU.ActiveCfg = Release|Any CPU
		{3DC89606-9905-4A82-978D-AD53AAF2E373}.Release|Any CPU.Build.0 = Release|Any CPU
	EndGlobalSection
	GlobalSection(SolutionProperties) = preSolution
		HideSolutionNode = FALSE
	EndGlobalSection
EndGlobal
